
Microsoft Visual Studio Solution File, Format Version 12.00
Project("{FAE04EC0-301F-11D3-BF4B-00C04F79EFBC}") = "Tracer.Example", "Tracer.Example\Tracer.Example.csproj", "{B2B3D27A-483F-4D2C-B4CA-475020E6B17B}"
EndProject
Project("{FAE04EC0-301F-11D3-BF4B-00C04F79EFBC}") = "Tracer.Core", "Tracer.Core\Tracer.Core.csproj", "{69B9C516-1F20-4C21-A38F-7617A924C439}"
EndProject
Project("{FAE04EC0-301F-11D3-BF4B-00C04F79EFBC}") = "Tracer.Serialization.Abstractions", "Tracer.Serialization.Abstractions\Tracer.Serialization.Abstractions.csproj", "{6E33B780-03D8-4097-97C3-FED7442EF0A2}"
EndProject
Project("{FAE04EC0-301F-11D3-BF4B-00C04F79EFBC}") = "Tracer.Serialization", "Tracer.Serialization\Tracer.Serialization.csproj", "{BB664404-1B08-4D68-A9A7-FD0D4A704079}"
EndProject
Project("{FAE04EC0-301F-11D3-BF4B-00C04F79EFBC}") = "Core.Tests", "Core.Tests\Core.Tests.csproj", "{E675BD96-F221-4C6E-9E78-C8D416642E26}"
EndProject
Global
	GlobalSection(SolutionConfigurationPlatforms) = preSolution
		Debug|Any CPU = Debug|Any CPU
		Release|Any CPU = Release|Any CPU
	EndGlobalSection
	GlobalSection(ProjectConfigurationPlatforms) = postSolution
		{B2B3D27A-483F-4D2C-B4CA-475020E6B17B}.Debug|Any CPU.ActiveCfg = Debug|Any CPU
		{B2B3D27A-483F-4D2C-B4CA-475020E6B17B}.Debug|Any CPU.Build.0 = Debug|Any CPU
		{B2B3D27A-483F-4D2C-B4CA-475020E6B17B}.Release|Any CPU.ActiveCfg = Release|Any CPU
		{B2B3D27A-483F-4D2C-B4CA-475020E6B17B}.Release|Any CPU.Build.0 = Release|Any CPU
		{69B9C516-1F20-4C21-A38F-7617A924C439}.Debug|Any CPU.ActiveCfg = Debug|Any CPU
		{69B9C516-1F20-4C21-A38F-7617A924C439}.Debug|Any CPU.Build.0 = Debug|Any CPU
		{69B9C516-1F20-4C21-A38F-7617A924C439}.Release|Any CPU.ActiveCfg = Release|Any CPU
		{69B9C516-1F20-4C21-A38F-7617A924C439}.Release|Any CPU.Build.0 = Release|Any CPU
		{6E33B780-03D8-4097-97C3-FED7442EF0A2}.Debug|Any CPU.ActiveCfg = Debug|Any CPU
		{6E33B780-03D8-4097-97C3-FED7442EF0A2}.Debug|Any CPU.Build.0 = Debug|Any CPU
		{6E33B780-03D8-4097-97C3-FED7442EF0A2}.Release|Any CPU.ActiveCfg = Release|Any CPU
		{6E33B780-03D8-4097-97C3-FED7442EF0A2}.Release|Any CPU.Build.0 = Release|Any CPU
		{BB664404-1B08-4D68-A9A7-FD0D4A704079}.Debug|Any CPU.ActiveCfg = Debug|Any CPU
		{BB664404-1B08-4D68-A9A7-FD0D4A704079}.Debug|Any CPU.Build.0 = Debug|Any CPU
		{BB664404-1B08-4D68-A9A7-FD0D4A704079}.Release|Any CPU.ActiveCfg = Release|Any CPU
		{BB664404-1B08-4D68-A9A7-FD0D4A704079}.Release|Any CPU.Build.0 = Release|Any CPU
		{E675BD96-F221-4C6E-9E78-C8D416642E26}.Debug|Any CPU.ActiveCfg = Debug|Any CPU
		{E675BD96-F221-4C6E-9E78-C8D416642E26}.Debug|Any CPU.Build.0 = Debug|Any CPU
		{E675BD96-F221-4C6E-9E78-C8D416642E26}.Release|Any CPU.ActiveCfg = Release|Any CPU
		{E675BD96-F221-4C6E-9E78-C8D416642E26}.Release|Any CPU.Build.0 = Release|Any CPU
	EndGlobalSection
EndGlobal
